
Microsoft Visual Studio Solution File, Format Version 12.00
# Visual Studio Version 17
VisualStudioVersion = 17.0.32112.339
MinimumVisualStudioVersion = 10.0.40219.1
Project("{FAE04EC0-301F-11D3-BF4B-00C04F79EFBC}") = "DTO-POJOS", "DTO-POJOS\DTO-POJOS.csproj", "{61A6315C-B3FE-4EB8-8255-7EE0A315D3F2}"
EndProject
Project("{FAE04EC0-301F-11D3-BF4B-00C04F79EFBC}") = "WebAppi", "WebAppi\WebAppi.csproj", "{C9E3B09B-2DEF-482D-8C0C-1EF770E0CE7B}"
EndProject
Project("{FAE04EC0-301F-11D3-BF4B-00C04F79EFBC}") = "DataAccess", "DataAccess\DataAccess.csproj", "{4D5C3B3B-663A-4E60-AC42-E4B2D20C49CD}"
EndProject
Project("{2150E333-8FDC-42A3-9474-1A3956D46DE8}") = "0.DTO", "0.DTO", "{1AC089ED-D558-4326-8BDE-CCA94FCBD2FF}"
EndProject
Project("{2150E333-8FDC-42A3-9474-1A3956D46DE8}") = "1.DATA-ACCESS", "1.DATA-ACCESS", "{5A8FB1A8-D357-41E5-9EEE-F6ADAD2595AB}"
EndProject
Project("{2150E333-8FDC-42A3-9474-1A3956D46DE8}") = "3.APP-LOGIC-SERVICE", "3.APP-LOGIC-SERVICE", "{E86BDCC9-A353-424F-8EFB-DBD782D2B379}"
EndProject
Project("{2150E333-8FDC-42A3-9474-1A3956D46DE8}") = "4.UI", "4.UI", "{237C4F1F-285A-4C9F-8D0B-0E3E4EF6C37B}"
	ProjectSection(SolutionItems) = preProject
		WebUI\WebUI.csproj.user = WebUI\WebUI.csproj.user
	EndProjectSection
EndProject
Project("{2150E333-8FDC-42A3-9474-1A3956D46DE8}") = "2.APP-LOGIC", "2.APP-LOGIC", "{98A765C7-EFAE-49CE-9383-ACEFF878DEA4}"
EndProject
Project("{FAE04EC0-301F-11D3-BF4B-00C04F79EFBC}") = "AppLogic", "AppLogic\AppLogic.csproj", "{6690F171-C11F-4186-881E-5685985237E8}"
	ProjectSection(ProjectDependencies) = postProject
		{4D5C3B3B-663A-4E60-AC42-E4B2D20C49CD} = {4D5C3B3B-663A-4E60-AC42-E4B2D20C49CD}
		{61A6315C-B3FE-4EB8-8255-7EE0A315D3F2} = {61A6315C-B3FE-4EB8-8255-7EE0A315D3F2}
	EndProjectSection
EndProject
Project("{FAE04EC0-301F-11D3-BF4B-00C04F79EFBC}") = "WebUI", "WebUI\WebUI.csproj", "{BCDB304F-08B0-4D38-B296-07CFDBBEE03E}"
	ProjectSection(ProjectDependencies) = postProject
		{6690F171-C11F-4186-881E-5685985237E8} = {6690F171-C11F-4186-881E-5685985237E8}
	EndProjectSection
EndProject
Global
	GlobalSection(SolutionConfigurationPlatforms) = preSolution
		Debug|Any CPU = Debug|Any CPU
		Release|Any CPU = Release|Any CPU
	EndGlobalSection
	GlobalSection(ProjectConfigurationPlatforms) = postSolution
		{61A6315C-B3FE-4EB8-8255-7EE0A315D3F2}.Debug|Any CPU.ActiveCfg = Debug|Any CPU
		{61A6315C-B3FE-4EB8-8255-7EE0A315D3F2}.Debug|Any CPU.Build.0 = Debug|Any CPU
		{61A6315C-B3FE-4EB8-8255-7EE0A315D3F2}.Release|Any CPU.ActiveCfg = Release|Any CPU
		{61A6315C-B3FE-4EB8-8255-7EE0A315D3F2}.Release|Any CPU.Build.0 = Release|Any CPU
		{C9E3B09B-2DEF-482D-8C0C-1EF770E0CE7B}.Debug|Any CPU.ActiveCfg = Debug|Any CPU
		{C9E3B09B-2DEF-482D-8C0C-1EF770E0CE7B}.Debug|Any CPU.Build.0 = Debug|Any CPU
		{C9E3B09B-2DEF-482D-8C0C-1EF770E0CE7B}.Release|Any CPU.ActiveCfg = Release|Any CPU
		{C9E3B09B-2DEF-482D-8C0C-1EF770E0CE7B}.Release|Any CPU.Build.0 = Release|Any CPU
		{4D5C3B3B-663A-4E60-AC42-E4B2D20C49CD}.Debug|Any CPU.ActiveCfg = Debug|Any CPU
		{4D5C3B3B-663A-4E60-AC42-E4B2D20C49CD}.Debug|Any CPU.Build.0 = Debug|Any CPU
		{4D5C3B3B-663A-4E60-AC42-E4B2D20C49CD}.Release|Any CPU.ActiveCfg = Release|Any CPU
		{4D5C3B3B-663A-4E60-AC42-E4B2D20C49CD}.Release|Any CPU.Build.0 = Release|Any CPU
		{6690F171-C11F-4186-881E-5685985237E8}.Debug|Any CPU.ActiveCfg = Debug|Any CPU
		{6690F171-C11F-4186-881E-5685985237E8}.Debug|Any CPU.Build.0 = Debug|Any CPU
		{6690F171-C11F-4186-881E-5685985237E8}.Release|Any CPU.ActiveCfg = Release|Any CPU
		{6690F171-C11F-4186-881E-5685985237E8}.Release|Any CPU.Build.0 = Release|Any CPU
		{BCDB304F-08B0-4D38-B296-07CFDBBEE03E}.Debug|Any CPU.ActiveCfg = Debug|Any CPU
		{BCDB304F-08B0-4D38-B296-07CFDBBEE03E}.Debug|Any CPU.Build.0 = Debug|Any CPU
		{BCDB304F-08B0-4D38-B296-07CFDBBEE03E}.Release|Any CPU.ActiveCfg = Release|Any CPU
		{BCDB304F-08B0-4D38-B296-07CFDBBEE03E}.Release|Any CPU.Build.0 = Release|Any CPU
	EndGlobalSection
	GlobalSection(SolutionProperties) = preSolution
		HideSolutionNode = FALSE
	EndGlobalSection
	GlobalSection(NestedProjects) = preSolution
		{61A6315C-B3FE-4EB8-8255-7EE0A315D3F2} = {1AC089ED-D558-4326-8BDE-CCA94FCBD2FF}
		{C9E3B09B-2DEF-482D-8C0C-1EF770E0CE7B} = {E86BDCC9-A353-424F-8EFB-DBD782D2B379}
		{4D5C3B3B-663A-4E60-AC42-E4B2D20C49CD} = {5A8FB1A8-D357-41E5-9EEE-F6ADAD2595AB}
		{6690F171-C11F-4186-881E-5685985237E8} = {98A765C7-EFAE-49CE-9383-ACEFF878DEA4}
		{BCDB304F-08B0-4D38-B296-07CFDBBEE03E} = {237C4F1F-285A-4C9F-8D0B-0E3E4EF6C37B}
	EndGlobalSection
	GlobalSection(ExtensibilityGlobals) = postSolution
		SolutionGuid = {456F4968-8A3F-46C7-B335-145A03A1FB62}
	EndGlobalSection
EndGlobal
